
Microsoft Visual Studio Solution File, Format Version 12.00
# Visual Studio Version 17
VisualStudioVersion = 17.2.32630.192
MinimumVisualStudioVersion = 10.0.40219.1
Project("{9A19103F-16F7-4668-BE54-9A1E7A4F7556}") = "SuggestionAppUI", "SuggestionAppUI\SuggestionAppUI.csproj", "{F5C2F1B6-DCFB-4C59-9F34-989F78410AEF}"
EndProject
Project("{9A19103F-16F7-4668-BE54-9A1E7A4F7556}") = "SuggestionAppLibrary", "SuggestionAppLibrary\SuggestionAppLibrary.csproj", "{BAC336FD-FD32-419D-80BC-694753D5360F}"
EndProject
Project("{2150E333-8FDC-42A3-9474-1A3956D46DE8}") = "Solution Items", "Solution Items", "{40347F6F-690A-4A05-ADC9-105C946ABBC4}"
	ProjectSection(SolutionItems) = preProject
		.editorconfig = .editorconfig
	EndProjectSection
EndProject
Global
	GlobalSection(SolutionConfigurationPlatforms) = preSolution
		Debug|Any CPU = Debug|Any CPU
		Release|Any CPU = Release|Any CPU
	EndGlobalSection
	GlobalSection(ProjectConfigurationPlatforms) = postSolution
		{F5C2F1B6-DCFB-4C59-9F34-989F78410AEF}.Debug|Any CPU.ActiveCfg = Debug|Any CPU
		{F5C2F1B6-DCFB-4C59-9F34-989F78410AEF}.Debug|Any CPU.Build.0 = Debug|Any CPU
		{F5C2F1B6-DCFB-4C59-9F34-989F78410AEF}.Release|Any CPU.ActiveCfg = Release|Any CPU
		{F5C2F1B6-DCFB-4C59-9F34-989F78410AEF}.Release|Any CPU.Build.0 = Release|Any CPU
		{BAC336FD-FD32-419D-80BC-694753D5360F}.Debug|Any CPU.ActiveCfg = Debug|Any CPU
		{BAC336FD-FD32-419D-80BC-694753D5360F}.Debug|Any CPU.Build.0 = Debug|Any CPU
		{BAC336FD-FD32-419D-80BC-694753D5360F}.Release|Any CPU.ActiveCfg = Release|Any CPU
		{BAC336FD-FD32-419D-80BC-694753D5360F}.Release|Any CPU.Build.0 = Release|Any CPU
	EndGlobalSection
	GlobalSection(SolutionProperties) = preSolution
		HideSolutionNode = FALSE
	EndGlobalSection
	GlobalSection(ExtensibilityGlobals) = postSolution
		SolutionGuid = {5E8F3B14-FE93-430B-9ABD-8AF21D2957D9}
	EndGlobalSection
EndGlobal
